# This file was autogenerated by Stack.
# You should not edit this file by hand.
# For more information, please see the documentation at:
#   https://docs.haskellstack.org/en/stable/lock_files

packages:
- completed:
    hackage: elm-street-0.1.0.3@sha256:1fe5caa78ed3900f16943cc2a8775068c0d4b7f04e98ac7b456121a89e401c3c,4439
    pantry-tree:
      size: 1190
      sha256: 178b1f2d1cf687bf1caf0f791330307c6aec40b3e30fc31c06ca5083ceb07758
  original:
    hackage: elm-street-0.1.0.3@sha256:1fe5caa78ed3900f16943cc2a8775068c0d4b7f04e98ac7b456121a89e401c3c,4439
snapshots:
- completed:
    size: 532177
    url: https://raw.githubusercontent.com/commercialhaskell/stackage-snapshots/master/lts/16/20.yaml
    sha256: 0e14ba5603f01e8496e8984fd84b545a012ca723f51a098c6c9d3694e404dc6d
  original: lts-16.20
